
Microsoft Visual Studio Solution File, Format Version 11.00
# Visual Studio 2010
Project("{8BC9CEB8-8B4A-11D0-8D11-00A0C91BC942}") = "Returning Values from function program", "Returning Values from function program\Returning Values from function program.vcxproj", "{F42DE9B0-6DB9-402B-BE40-A968226ED4EC}"
EndProject
Global
	GlobalSection(SolutionConfigurationPlatforms) = preSolution
		Debug|Win32 = Debug|Win32
		Release|Win32 = Release|Win32
	EndGlobalSection
	GlobalSection(ProjectConfigurationPlatforms) = postSolution
		{F42DE9B0-6DB9-402B-BE40-A968226ED4EC}.Debug|Win32.ActiveCfg = Debug|Win32
		{F42DE9B0-6DB9-402B-BE40-A968226ED4EC}.Debug|Win32.Build.0 = Debug|Win32
		{F42DE9B0-6DB9-402B-BE40-A968226ED4EC}.Release|Win32.ActiveCfg = Release|Win32
		{F42DE9B0-6DB9-402B-BE40-A968226ED4EC}.Release|Win32.Build.0 = Release|Win32
	EndGlobalSection
	GlobalSection(SolutionProperties) = preSolution
		HideSolutionNode = FALSE
	EndGlobalSection
EndGlobal
